
Microsoft Visual Studio Solution File, Format Version 12.00
# Visual Studio Version 17
VisualStudioVersion = 17.4.33213.308
MinimumVisualStudioVersion = 10.0.40219.1
Project("{FAE04EC0-301F-11D3-BF4B-00C04F79EFBC}") = "EmpresaTINT", "EmpresaTINT\EmpresaTINT.csproj", "{CEAE23A9-B079-4962-A438-2FADC91E08D7}"
EndProject
Global
	GlobalSection(SolutionConfigurationPlatforms) = preSolution
		Debug|Any CPU = Debug|Any CPU
		Release|Any CPU = Release|Any CPU
	EndGlobalSection
	GlobalSection(ProjectConfigurationPlatforms) = postSolution
		{CEAE23A9-B079-4962-A438-2FADC91E08D7}.Debug|Any CPU.ActiveCfg = Debug|Any CPU
		{CEAE23A9-B079-4962-A438-2FADC91E08D7}.Debug|Any CPU.Build.0 = Debug|Any CPU
		{CEAE23A9-B079-4962-A438-2FADC91E08D7}.Release|Any CPU.ActiveCfg = Release|Any CPU
		{CEAE23A9-B079-4962-A438-2FADC91E08D7}.Release|Any CPU.Build.0 = Release|Any CPU
	EndGlobalSection
	GlobalSection(SolutionProperties) = preSolution
		HideSolutionNode = FALSE
	EndGlobalSection
	GlobalSection(ExtensibilityGlobals) = postSolution
		SolutionGuid = {AF7C6DBC-A3DC-43A2-B4E3-4460D75D57D7}
	EndGlobalSection
EndGlobal
